
Microsoft Visual Studio Solution File, Format Version 12.00
# Visual Studio 15
VisualStudioVersion = 15.0.28307.136
MinimumVisualStudioVersion = 10.0.40219.1
Project("{FAE04EC0-301F-11D3-BF4B-00C04F79EFBC}") = "BOJobChannel", "BOJobChannel\BOJobChannel.csproj", "{6AF2492E-A0EF-486A-BCD0-897B1A8B70F3}"
EndProject
Project("{FAE04EC0-301F-11D3-BF4B-00C04F79EFBC}") = "DALJobChannel", "DALJobChannel\DALJobChannel.csproj", "{7DF34FC1-3E43-4BC9-9EF8-A6935B900DB6}"
EndProject
Project("{FAE04EC0-301F-11D3-BF4B-00C04F79EFBC}") = "UnitTestProjectDAL", "UnitTestProjectDAL\UnitTestProjectDAL.csproj", "{1E090957-DC8D-4713-AF67-01DAF34B3EA6}"
EndProject
Project("{FAE04EC0-301F-11D3-BF4B-00C04F79EFBC}") = "Test", "Test\Test.csproj", "{F2161838-C2EF-492C-BDB5-D97403D51B74}"
EndProject
Project("{FAE04EC0-301F-11D3-BF4B-00C04F79EFBC}") = "WcfServiceJobChannel", "WcfServiceJobChannel\WcfServiceJobChannel.csproj", "{6C1F1DA3-9E6E-429C-B4ED-1DE932919754}"
EndProject
Global
	GlobalSection(SolutionConfigurationPlatforms) = preSolution
		Debug|Any CPU = Debug|Any CPU
		Debug|x64 = Debug|x64
		Debug|x86 = Debug|x86
		Release|Any CPU = Release|Any CPU
		Release|x64 = Release|x64
		Release|x86 = Release|x86
	EndGlobalSection
	GlobalSection(ProjectConfigurationPlatforms) = postSolution
		{6AF2492E-A0EF-486A-BCD0-897B1A8B70F3}.Debug|Any CPU.ActiveCfg = Debug|Any CPU
		{6AF2492E-A0EF-486A-BCD0-897B1A8B70F3}.Debug|Any CPU.Build.0 = Debug|Any CPU
		{6AF2492E-A0EF-486A-BCD0-897B1A8B70F3}.Debug|x64.ActiveCfg = Debug|Any CPU
		{6AF2492E-A0EF-486A-BCD0-897B1A8B70F3}.Debug|x64.Build.0 = Debug|Any CPU
		{6AF2492E-A0EF-486A-BCD0-897B1A8B70F3}.Debug|x86.ActiveCfg = Debug|Any CPU
		{6AF2492E-A0EF-486A-BCD0-897B1A8B70F3}.Debug|x86.Build.0 = Debug|Any CPU
		{6AF2492E-A0EF-486A-BCD0-897B1A8B70F3}.Release|Any CPU.ActiveCfg = Release|Any CPU
		{6AF2492E-A0EF-486A-BCD0-897B1A8B70F3}.Release|Any CPU.Build.0 = Release|Any CPU
		{6AF2492E-A0EF-486A-BCD0-897B1A8B70F3}.Release|x64.ActiveCfg = Release|Any CPU
		{6AF2492E-A0EF-486A-BCD0-897B1A8B70F3}.Release|x64.Build.0 = Release|Any CPU
		{6AF2492E-A0EF-486A-BCD0-897B1A8B70F3}.Release|x86.ActiveCfg = Release|Any CPU
		{6AF2492E-A0EF-486A-BCD0-897B1A8B70F3}.Release|x86.Build.0 = Release|Any CPU
		{7DF34FC1-3E43-4BC9-9EF8-A6935B900DB6}.Debug|Any CPU.ActiveCfg = Debug|Any CPU
		{7DF34FC1-3E43-4BC9-9EF8-A6935B900DB6}.Debug|Any CPU.Build.0 = Debug|Any CPU
		{7DF34FC1-3E43-4BC9-9EF8-A6935B900DB6}.Debug|x64.ActiveCfg = Debug|Any CPU
		{7DF34FC1-3E43-4BC9-9EF8-A6935B900DB6}.Debug|x64.Build.0 = Debug|Any CPU
		{7DF34FC1-3E43-4BC9-9EF8-A6935B900DB6}.Debug|x86.ActiveCfg = Debug|Any CPU
		{7DF34FC1-3E43-4BC9-9EF8-A6935B900DB6}.Debug|x86.Build.0 = Debug|Any CPU
		{7DF34FC1-3E43-4BC9-9EF8-A6935B900DB6}.Release|Any CPU.ActiveCfg = Release|Any CPU
		{7DF34FC1-3E43-4BC9-9EF8-A6935B900DB6}.Release|Any CPU.Build.0 = Release|Any CPU
		{7DF34FC1-3E43-4BC9-9EF8-A6935B900DB6}.Release|x64.ActiveCfg = Release|Any CPU
		{7DF34FC1-3E43-4BC9-9EF8-A6935B900DB6}.Release|x64.Build.0 = Release|Any CPU
		{7DF34FC1-3E43-4BC9-9EF8-A6935B900DB6}.Release|x86.ActiveCfg = Release|Any CPU
		{7DF34FC1-3E43-4BC9-9EF8-A6935B900DB6}.Release|x86.Build.0 = Release|Any CPU
		{1E090957-DC8D-4713-AF67-01DAF34B3EA6}.Debug|Any CPU.ActiveCfg = Debug|Any CPU
		{1E090957-DC8D-4713-AF67-01DAF34B3EA6}.Debug|Any CPU.Build.0 = Debug|Any CPU
		{1E090957-DC8D-4713-AF67-01DAF34B3EA6}.Debug|x64.ActiveCfg = Debug|Any CPU
		{1E090957-DC8D-4713-AF67-01DAF34B3EA6}.Debug|x64.Build.0 = Debug|Any CPU
		{1E090957-DC8D-4713-AF67-01DAF34B3EA6}.Debug|x86.ActiveCfg = Debug|Any CPU
		{1E090957-DC8D-4713-AF67-01DAF34B3EA6}.Debug|x86.Build.0 = Debug|Any CPU
		{1E090957-DC8D-4713-AF67-01DAF34B3EA6}.Release|Any CPU.ActiveCfg = Release|Any CPU
		{1E090957-DC8D-4713-AF67-01DAF34B3EA6}.Release|Any CPU.Build.0 = Release|Any CPU
		{1E090957-DC8D-4713-AF67-01DAF34B3EA6}.Release|x64.ActiveCfg = Release|Any CPU
		{1E090957-DC8D-4713-AF67-01DAF34B3EA6}.Release|x64.Build.0 = Release|Any CPU
		{1E090957-DC8D-4713-AF67-01DAF34B3EA6}.Release|x86.ActiveCfg = Release|Any CPU
		{1E090957-DC8D-4713-AF67-01DAF34B3EA6}.Release|x86.Build.0 = Release|Any CPU
		{F2161838-C2EF-492C-BDB5-D97403D51B74}.Debug|Any CPU.ActiveCfg = Debug|Any CPU
		{F2161838-C2EF-492C-BDB5-D97403D51B74}.Debug|Any CPU.Build.0 = Debug|Any CPU
		{F2161838-C2EF-492C-BDB5-D97403D51B74}.Debug|x64.ActiveCfg = Debug|Any CPU
		{F2161838-C2EF-492C-BDB5-D97403D51B74}.Debug|x64.Build.0 = Debug|Any CPU
		{F2161838-C2EF-492C-BDB5-D97403D51B74}.Debug|x86.ActiveCfg = Debug|Any CPU
		{F2161838-C2EF-492C-BDB5-D97403D51B74}.Debug|x86.Build.0 = Debug|Any CPU
		{F2161838-C2EF-492C-BDB5-D97403D51B74}.Release|Any CPU.ActiveCfg = Release|Any CPU
		{F2161838-C2EF-492C-BDB5-D97403D51B74}.Release|Any CPU.Build.0 = Release|Any CPU
		{F2161838-C2EF-492C-BDB5-D97403D51B74}.Release|x64.ActiveCfg = Release|Any CPU
		{F2161838-C2EF-492C-BDB5-D97403D51B74}.Release|x64.Build.0 = Release|Any CPU
		{F2161838-C2EF-492C-BDB5-D97403D51B74}.Release|x86.ActiveCfg = Release|Any CPU
		{F2161838-C2EF-492C-BDB5-D97403D51B74}.Release|x86.Build.0 = Release|Any CPU
		{6C1F1DA3-9E6E-429C-B4ED-1DE932919754}.Debug|Any CPU.ActiveCfg = Debug|Any CPU
		{6C1F1DA3-9E6E-429C-B4ED-1DE932919754}.Debug|Any CPU.Build.0 = Debug|Any CPU
		{6C1F1DA3-9E6E-429C-B4ED-1DE932919754}.Debug|x64.ActiveCfg = Debug|Any CPU
		{6C1F1DA3-9E6E-429C-B4ED-1DE932919754}.Debug|x64.Build.0 = Debug|Any CPU
		{6C1F1DA3-9E6E-429C-B4ED-1DE932919754}.Debug|x86.ActiveCfg = Debug|Any CPU
		{6C1F1DA3-9E6E-429C-B4ED-1DE932919754}.Debug|x86.Build.0 = Debug|Any CPU
		{6C1F1DA3-9E6E-429C-B4ED-1DE932919754}.Release|Any CPU.ActiveCfg = Release|Any CPU
		{6C1F1DA3-9E6E-429C-B4ED-1DE932919754}.Release|Any CPU.Build.0 = Release|Any CPU
		{6C1F1DA3-9E6E-429C-B4ED-1DE932919754}.Release|x64.ActiveCfg = Release|Any CPU
		{6C1F1DA3-9E6E-429C-B4ED-1DE932919754}.Release|x64.Build.0 = Release|Any CPU
		{6C1F1DA3-9E6E-429C-B4ED-1DE932919754}.Release|x86.ActiveCfg = Release|Any CPU
		{6C1F1DA3-9E6E-429C-B4ED-1DE932919754}.Release|x86.Build.0 = Release|Any CPU
	EndGlobalSection
	GlobalSection(SolutionProperties) = preSolution
		HideSolutionNode = FALSE
	EndGlobalSection
	GlobalSection(ExtensibilityGlobals) = postSolution
		SolutionGuid = {61879F6F-702E-4CFF-A179-AB1D4EF8EB7F}
	EndGlobalSection
EndGlobal
